
Microsoft Visual Studio Solution File, Format Version 12.00
# Visual Studio Version 17
VisualStudioVersion = 17.4.32916.344
MinimumVisualStudioVersion = 10.0.40219.1
Project("{FAE04EC0-301F-11D3-BF4B-00C04F79EFBC}") = "Lecture_8_Winforms_And_Lists", "Lecture_8_Winforms_And_Lists.csproj", "{19125BC7-AF6B-44BD-8D00-00CC7ACE8C42}"
EndProject
Global
	GlobalSection(SolutionConfigurationPlatforms) = preSolution
		Debug|Any CPU = Debug|Any CPU
		Release|Any CPU = Release|Any CPU
	EndGlobalSection
	GlobalSection(ProjectConfigurationPlatforms) = postSolution
		{19125BC7-AF6B-44BD-8D00-00CC7ACE8C42}.Debug|Any CPU.ActiveCfg = Debug|Any CPU
		{19125BC7-AF6B-44BD-8D00-00CC7ACE8C42}.Debug|Any CPU.Build.0 = Debug|Any CPU
		{19125BC7-AF6B-44BD-8D00-00CC7ACE8C42}.Release|Any CPU.ActiveCfg = Release|Any CPU
		{19125BC7-AF6B-44BD-8D00-00CC7ACE8C42}.Release|Any CPU.Build.0 = Release|Any CPU
	EndGlobalSection
	GlobalSection(SolutionProperties) = preSolution
		HideSolutionNode = FALSE
	EndGlobalSection
	GlobalSection(ExtensibilityGlobals) = postSolution
		SolutionGuid = {53790221-6B0A-47E8-AC18-FB9DE004E24D}
	EndGlobalSection
EndGlobal
